
Microsoft Visual Studio Solution File, Format Version 12.00
# Visual Studio 15
VisualStudioVersion = 15.0.27130.2026
MinimumVisualStudioVersion = 10.0.40219.1
Project("{8BC9CEB8-8B4A-11D0-8D11-00A0C91BC942}") = "Dx11Demo_02", "Dx11Demo_02\Dx11Demo_02.vcxproj", "{28BC60A1-CF5D-43D4-921B-EE0D52BC2F87}"
EndProject
Project("{8BC9CEB8-8B4A-11D0-8D11-00A0C91BC942}") = "Dx11Demo_03", "Dx11Demo_03\Dx11Demo_03.vcxproj", "{E3BC319D-2598-4067-938F-A6C6573A6375}"
EndProject
Project("{8BC9CEB8-8B4A-11D0-8D11-00A0C91BC942}") = "Dx11Demo_04", "Dx11Demo_04\Dx11Demo_04.vcxproj", "{FD9D244D-5884-4C3A-8F79-20D9689B8030}"
EndProject
Project("{8BC9CEB8-8B4A-11D0-8D11-00A0C91BC942}") = "Dx11Demo_05", "Dx11Demo_05\Dx11Demo_05.vcxproj", "{5883614F-81BA-4782-95C4-9D827B24BF96}"
EndProject
Project("{8BC9CEB8-8B4A-11D0-8D11-00A0C91BC942}") = "Dx11Demo_06", "Dx11Demo_06\Dx11Demo_06.vcxproj", "{1ED05673-E1FA-45A3-8568-6953F2CC55F5}"
EndProject
Project("{8BC9CEB8-8B4A-11D0-8D11-00A0C91BC942}") = "Dx11Demo_07", "Dx11Demo_07\Dx11Demo_07.vcxproj", "{4040BCD4-7C05-4301-9640-D33798F59683}"
EndProject
Project("{8BC9CEB8-8B4A-11D0-8D11-00A0C91BC942}") = "Dx11Demo_08", "Dx11Demo_08\Dx11Demo_08.vcxproj", "{6C531EB1-4504-4641-BE3E-FB3E6E24C746}"
EndProject
Project("{8BC9CEB8-8B4A-11D0-8D11-00A0C91BC942}") = "Dx11Demo_09", "Dx11Demo_09\Dx11Demo_09.vcxproj", "{F29D55EC-E06D-4175-89B0-8233F2A7812C}"
EndProject
Project("{8BC9CEB8-8B4A-11D0-8D11-00A0C91BC942}") = "Dx11Demo_10", "Dx11Demo_10\Dx11Demo_10.vcxproj", "{0BEAAA35-EAAA-4977-89AB-082E7F80EF5B}"
EndProject
Project("{8BC9CEB8-8B4A-11D0-8D11-00A0C91BC942}") = "Dx11Demo_11", "Dx11Demo_11\Dx11Demo_11.vcxproj", "{7225DCEB-6954-486E-879B-274257ECC57C}"
EndProject
Project("{8BC9CEB8-8B4A-11D0-8D11-00A0C91BC942}") = "Dx11Demo_12", "Dx11Demo_12\Dx11Demo_12.vcxproj", "{A08DCD82-32EA-4D98-94E7-E969E54FB413}"
EndProject
Project("{8BC9CEB8-8B4A-11D0-8D11-00A0C91BC942}") = "Dx11Demo_13", "Dx11Demo_13\Dx11Demo_13.vcxproj", "{1BCB952F-A398-4DDB-8845-320846F05BCD}"
EndProject
Project("{8BC9CEB8-8B4A-11D0-8D11-00A0C91BC942}") = "Dx11Demo_14", "Dx11Demo_14\Dx11Demo_14.vcxproj", "{DFAE595B-FFB9-4B29-A15E-5458E7D88B73}"
EndProject
Project("{8BC9CEB8-8B4A-11D0-8D11-00A0C91BC942}") = "Dx11Demo_15", "Dx11Demo_15\Dx11Demo_15.vcxproj", "{9E2B66EC-1E30-4C54-A84F-A1753FEC387F}"
EndProject
Project("{8BC9CEB8-8B4A-11D0-8D11-00A0C91BC942}") = "Dx11Demo_16", "Dx11Demo_16\Dx11Demo_16.vcxproj", "{93A1F48D-589A-42D1-ACEC-C9214C1ACAFD}"
EndProject
Project("{8BC9CEB8-8B4A-11D0-8D11-00A0C91BC942}") = "Dx11Demo_17", "Dx11Demo_17\Dx11Demo_17.vcxproj", "{A07C8CC2-5D9C-4154-9783-90B2E79D49E5}"
EndProject
Project("{8BC9CEB8-8B4A-11D0-8D11-00A0C91BC942}") = "Dx11Demo_18", "Dx11Demo_18\Dx11Demo_18.vcxproj", "{22E62A54-B425-47ED-A79F-D1CD8C90EAB2}"
EndProject
Project("{8BC9CEB8-8B4A-11D0-8D11-00A0C91BC942}") = "Dx11Demo_19", "Dx11Demo_19\Dx11Demo_19.vcxproj", "{66592A06-0B8B-4EF6-B3D0-6606BE2A9FD3}"
EndProject
Project("{8BC9CEB8-8B4A-11D0-8D11-00A0C91BC942}") = "Dx11Demo_20", "Dx11Demo_20\Dx11Demo_20.vcxproj", "{6189C760-2507-4F1A-88FF-527AFDF24370}"
EndProject
Project("{8BC9CEB8-8B4A-11D0-8D11-00A0C91BC942}") = "Dx11Demo_21", "Dx11Demo_21\Dx11Demo_21.vcxproj", "{F2E60FE8-9338-4372-9325-51EC2C05FF91}"
EndProject
Project("{8BC9CEB8-8B4A-11D0-8D11-00A0C91BC942}") = "Dx11Demo_22", "Dx11Demo_22\Dx11Demo_22.vcxproj", "{B8EE9D04-9320-434E-B494-3A4AE2393D70}"
EndProject
Project("{8BC9CEB8-8B4A-11D0-8D11-00A0C91BC942}") = "Dx11Demo_23", "Dx11Demo_23\Dx11Demo_23.vcxproj", "{5B5F33F7-F3F5-4882-A3DD-8C45B12BCC29}"
EndProject
Project("{8BC9CEB8-8B4A-11D0-8D11-00A0C91BC942}") = "Dx11Demo_24", "Dx11Demo_24\Dx11Demo_24.vcxproj", "{36E6AA9C-71EB-4193-8C34-4469AA94C9D4}"
EndProject
Project("{8BC9CEB8-8B4A-11D0-8D11-00A0C91BC942}") = "Dx11Demo_25", "Dx11Demo_25\Dx11Demo_25.vcxproj", "{73EFAB3B-F026-4FC3-A380-855EA1311FFA}"
EndProject
Project("{8BC9CEB8-8B4A-11D0-8D11-00A0C91BC942}") = "Dx11Demo_26", "Dx11Demo_26\Dx11Demo_26.vcxproj", "{03AC6C51-DFE0-4B43-BE98-066D82674688}"
EndProject
Project("{8BC9CEB8-8B4A-11D0-8D11-00A0C91BC942}") = "Dx11Demo_27", "Dx11Demo_27\Dx11Demo_27.vcxproj", "{B391E96A-F043-49D6-8208-791C81BFCED3}"
EndProject
Project("{8BC9CEB8-8B4A-11D0-8D11-00A0C91BC942}") = "Dx11Demo_28", "Dx11Demo_28\Dx11Demo_28.vcxproj", "{7FEFC9EB-2C78-4279-831A-6DB67C8F7D2D}"
EndProject
Project("{8BC9CEB8-8B4A-11D0-8D11-00A0C91BC942}") = "Dx11Demo_29", "Dx11Demo_29\Dx11Demo_29.vcxproj", "{67CB8668-197F-4058-9596-76F2D5394FC1}"
EndProject
Project("{8BC9CEB8-8B4A-11D0-8D11-00A0C91BC942}") = "Dx11Demo_30", "Dx11Demo_30\Dx11Demo_30.vcxproj", "{B2634D09-217B-41D3-B4EF-336BB58DC260}"
EndProject
Project("{8BC9CEB8-8B4A-11D0-8D11-00A0C91BC942}") = "Dx11Demo_31", "Dx11Demo_31\Dx11Demo_31.vcxproj", "{C3EF224B-BED5-4CBA-AC77-E6C5B314F39B}"
EndProject
Project("{8BC9CEB8-8B4A-11D0-8D11-00A0C91BC942}") = "Dx11Demo_32", "Dx11Demo_32\Dx11Demo_32.vcxproj", "{0D1B53D9-D4A9-41EF-999B-53B2A772BC6B}"
EndProject
Project("{8BC9CEB8-8B4A-11D0-8D11-00A0C91BC942}") = "Dx11Demo_33", "Dx11Demo_33\Dx11Demo_33.vcxproj", "{A83D1600-1B60-49F2-A8B7-619D1C48E950}"
EndProject
Project("{8BC9CEB8-8B4A-11D0-8D11-00A0C91BC942}") = "Dx11Demo_34", "Dx11Demo_34\Dx11Demo_34.vcxproj", "{77C2145F-04E0-4782-9B88-48E3B2F8761A}"
EndProject
Project("{8BC9CEB8-8B4A-11D0-8D11-00A0C91BC942}") = "Dx11Demo_35", "Dx11Demo_35\Dx11Demo_35.vcxproj", "{E9EC27C0-374B-4781-8A18-40E872678091}"
EndProject
Project("{8BC9CEB8-8B4A-11D0-8D11-00A0C91BC942}") = "Dx11Demo_36", "Dx11Demo_36\Dx11Demo_36.vcxproj", "{4BA9FB0A-7525-43E3-8E94-A6584C4DDB3B}"
EndProject
Project("{8BC9CEB8-8B4A-11D0-8D11-00A0C91BC942}") = "Dx11Demo_37", "Dx11Demo_37\Dx11Demo_37.vcxproj", "{B56F6055-DC53-4DE9-BB47-ED8C045133E6}"
EndProject
Project("{8BC9CEB8-8B4A-11D0-8D11-00A0C91BC942}") = "Dx11Demo_38", "Dx11Demo_38\Dx11Demo_38.vcxproj", "{0F310FB1-4890-49E3-A9FB-D31C79CE9BFF}"
EndProject
Project("{8BC9CEB8-8B4A-11D0-8D11-00A0C91BC942}") = "Dx11Demo_39", "Dx11Demo_39\Dx11Demo_39.vcxproj", "{68C87337-932E-4A9C-9CF8-6D38ED0814C1}"
EndProject
Project("{8BC9CEB8-8B4A-11D0-8D11-00A0C91BC942}") = "Dx11Demo_40", "Dx11Demo_40\Dx11Demo_40.vcxproj", "{77630BF7-E848-4F07-B6E4-919C2F62BA0A}"
EndProject
Project("{8BC9CEB8-8B4A-11D0-8D11-00A0C91BC942}") = "Dx11Demo_41", "Dx11Demo_41\Dx11Demo_41.vcxproj", "{67CF4855-E3A5-4813-A1B1-2AD55704B747}"
EndProject
Project("{8BC9CEB8-8B4A-11D0-8D11-00A0C91BC942}") = "Dx11Demo_42", "Dx11Demo_42\Dx11Demo_42.vcxproj", "{30073A9D-2A35-4C00-979C-B751762E2091}"
EndProject
Project("{8BC9CEB8-8B4A-11D0-8D11-00A0C91BC942}") = "Dx11Demo_43", "Dx11Demo_43\Dx11Demo_43.vcxproj", "{C54633A9-C50D-4687-9521-7084A7FD220A}"
EndProject
Project("{8BC9CEB8-8B4A-11D0-8D11-00A0C91BC942}") = "Dx11Demo_44", "Dx11Demo_44\Dx11Demo_44.vcxproj", "{BB284FAC-97F3-48D9-AF48-1237D86F6419}"
EndProject
Project("{8BC9CEB8-8B4A-11D0-8D11-00A0C91BC942}") = "Dx11Demo_45", "Dx11Demo_45\Dx11Demo_45.vcxproj", "{33F41996-25F6-4F38-907D-1D3E27DC08BF}"
EndProject
Project("{8BC9CEB8-8B4A-11D0-8D11-00A0C91BC942}") = "Dx11Demo_46", "Dx11Demo_46\Dx11Demo_46.vcxproj", "{073B444F-6B38-4768-8D0A-A9AC3335F32C}"
EndProject
Project("{8BC9CEB8-8B4A-11D0-8D11-00A0C91BC942}") = "Dx11Demo_47", "Dx11Demo_47\Dx11Demo_47.vcxproj", "{E1DDFDEC-B959-4D50-B466-19DD3BD05C33}"
EndProject
Project("{8BC9CEB8-8B4A-11D0-8D11-00A0C91BC942}") = "Dx11Demo_48", "Dx11Demo_48\Dx11Demo_48.vcxproj", "{E0F4755C-77C6-4EB1-84D0-0C0A54F8DD13}"
EndProject
Project("{8BC9CEB8-8B4A-11D0-8D11-00A0C91BC942}") = "Dx11Demo_49", "Dx11Demo_49\Dx11Demo_49.vcxproj", "{990226CF-8DCD-41D5-A29B-7669BB3CD267}"
EndProject
Project("{8BC9CEB8-8B4A-11D0-8D11-00A0C91BC942}") = "Dx11Demo_50", "Dx11Demo_50\Dx11Demo_50.vcxproj", "{43693B4E-FCF3-44D3-8A71-7FA08FCF8DBB}"
EndProject
Global
	GlobalSection(SolutionConfigurationPlatforms) = preSolution
		Debug|x64 = Debug|x64
		Debug|x86 = Debug|x86
		Release|x64 = Release|x64
		Release|x86 = Release|x86
	EndGlobalSection
	GlobalSection(ProjectConfigurationPlatforms) = postSolution
		{28BC60A1-CF5D-43D4-921B-EE0D52BC2F87}.Debug|x64.ActiveCfg = Debug|x64
		{28BC60A1-CF5D-43D4-921B-EE0D52BC2F87}.Debug|x64.Build.0 = Debug|x64
		{28BC60A1-CF5D-43D4-921B-EE0D52BC2F87}.Debug|x86.ActiveCfg = Debug|Win32
		{28BC60A1-CF5D-43D4-921B-EE0D52BC2F87}.Debug|x86.Build.0 = Debug|Win32
		{28BC60A1-CF5D-43D4-921B-EE0D52BC2F87}.Release|x64.ActiveCfg = Release|x64
		{28BC60A1-CF5D-43D4-921B-EE0D52BC2F87}.Release|x64.Build.0 = Release|x64
		{28BC60A1-CF5D-43D4-921B-EE0D52BC2F87}.Release|x86.ActiveCfg = Release|Win32
		{28BC60A1-CF5D-43D4-921B-EE0D52BC2F87}.Release|x86.Build.0 = Release|Win32
		{E3BC319D-2598-4067-938F-A6C6573A6375}.Debug|x64.ActiveCfg = Debug|x64
		{E3BC319D-2598-4067-938F-A6C6573A6375}.Debug|x64.Build.0 = Debug|x64
		{E3BC319D-2598-4067-938F-A6C6573A6375}.Debug|x86.ActiveCfg = Debug|Win32
		{E3BC319D-2598-4067-938F-A6C6573A6375}.Debug|x86.Build.0 = Debug|Win32
		{E3BC319D-2598-4067-938F-A6C6573A6375}.Release|x64.ActiveCfg = Release|x64
		{E3BC319D-2598-4067-938F-A6C6573A6375}.Release|x64.Build.0 = Release|x64
		{E3BC319D-2598-4067-938F-A6C6573A6375}.Release|x86.ActiveCfg = Release|Win32
		{E3BC319D-2598-4067-938F-A6C6573A6375}.Release|x86.Build.0 = Release|Win32
		{FD9D244D-5884-4C3A-8F79-20D9689B8030}.Debug|x64.ActiveCfg = Debug|x64
		{FD9D244D-5884-4C3A-8F79-20D9689B8030}.Debug|x64.Build.0 = Debug|x64
		{FD9D244D-5884-4C3A-8F79-20D9689B8030}.Debug|x86.ActiveCfg = Debug|Win32
		{FD9D244D-5884-4C3A-8F79-20D9689B8030}.Debug|x86.Build.0 = Debug|Win32
		{FD9D244D-5884-4C3A-8F79-20D9689B8030}.Release|x64.ActiveCfg = Release|x64
		{FD9D244D-5884-4C3A-8F79-20D9689B8030}.Release|x64.Build.0 = Release|x64
		{FD9D244D-5884-4C3A-8F79-20D9689B8030}.Release|x86.ActiveCfg = Release|Win32
		{FD9D244D-5884-4C3A-8F79-20D9689B8030}.Release|x86.Build.0 = Release|Win32
		{5883614F-81BA-4782-95C4-9D827B24BF96}.Debug|x64.ActiveCfg = Debug|x64
		{5883614F-81BA-4782-95C4-9D827B24BF96}.Debug|x64.Build.0 = Debug|x64
		{5883614F-81BA-4782-95C4-9D827B24BF96}.Debug|x86.ActiveCfg = Debug|Win32
		{5883614F-81BA-4782-95C4-9D827B24BF96}.Debug|x86.Build.0 = Debug|Win32
		{5883614F-81BA-4782-95C4-9D827B24BF96}.Release|x64.ActiveCfg = Release|x64
		{5883614F-81BA-4782-95C4-9D827B24BF96}.Release|x64.Build.0 = Release|x64
		{5883614F-81BA-4782-95C4-9D827B24BF96}.Release|x86.ActiveCfg = Release|Win32
		{5883614F-81BA-4782-95C4-9D827B24BF96}.Release|x86.Build.0 = Release|Win32
		{1ED05673-E1FA-45A3-8568-6953F2CC55F5}.Debug|x64.ActiveCfg = Debug|x64
		{1ED05673-E1FA-45A3-8568-6953F2CC55F5}.Debug|x64.Build.0 = Debug|x64
		{1ED05673-E1FA-45A3-8568-6953F2CC55F5}.Debug|x86.ActiveCfg = Debug|Win32
		{1ED05673-E1FA-45A3-8568-6953F2CC55F5}.Debug|x86.Build.0 = Debug|Win32
		{1ED05673-E1FA-45A3-8568-6953F2CC55F5}.Release|x64.ActiveCfg = Release|x64
		{1ED05673-E1FA-45A3-8568-6953F2CC55F5}.Release|x64.Build.0 = Release|x64
		{1ED05673-E1FA-45A3-8568-6953F2CC55F5}.Release|x86.ActiveCfg = Release|Win32
		{1ED05673-E1FA-45A3-8568-6953F2CC55F5}.Release|x86.Build.0 = Release|Win32
		{4040BCD4-7C05-4301-9640-D33798F59683}.Debug|x64.ActiveCfg = Debug|x64
		{4040BCD4-7C05-4301-9640-D33798F59683}.Debug|x64.Build.0 = Debug|x64
		{4040BCD4-7C05-4301-9640-D33798F59683}.Debug|x86.ActiveCfg = Debug|Win32
		{4040BCD4-7C05-4301-9640-D33798F59683}.Debug|x86.Build.0 = Debug|Win32
		{4040BCD4-7C05-4301-9640-D33798F59683}.Release|x64.ActiveCfg = Release|x64
		{4040BCD4-7C05-4301-9640-D33798F59683}.Release|x64.Build.0 = Release|x64
		{4040BCD4-7C05-4301-9640-D33798F59683}.Release|x86.ActiveCfg = Release|Win32
		{4040BCD4-7C05-4301-9640-D33798F59683}.Release|x86.Build.0 = Release|Win32
		{6C531EB1-4504-4641-BE3E-FB3E6E24C746}.Debug|x64.ActiveCfg = Debug|x64
		{6C531EB1-4504-4641-BE3E-FB3E6E24C746}.Debug|x64.Build.0 = Debug|x64
		{6C531EB1-4504-4641-BE3E-FB3E6E24C746}.Debug|x86.ActiveCfg = Debug|Win32
		{6C531EB1-4504-4641-BE3E-FB3E6E24C746}.Debug|x86.Build.0 = Debug|Win32
		{6C531EB1-4504-4641-BE3E-FB3E6E24C746}.Release|x64.ActiveCfg = Release|x64
		{6C531EB1-4504-4641-BE3E-FB3E6E24C746}.Release|x64.Build.0 = Release|x64
		{6C531EB1-4504-4641-BE3E-FB3E6E24C746}.Release|x86.ActiveCfg = Release|Win32
		{6C531EB1-4504-4641-BE3E-FB3E6E24C746}.Release|x86.Build.0 = Release|Win32
		{F29D55EC-E06D-4175-89B0-8233F2A7812C}.Debug|x64.ActiveCfg = Debug|x64
		{F29D55EC-E06D-4175-89B0-8233F2A7812C}.Debug|x64.Build.0 = Debug|x64
		{F29D55EC-E06D-4175-89B0-8233F2A7812C}.Debug|x86.ActiveCfg = Debug|Win32
		{F29D55EC-E06D-4175-89B0-8233F2A7812C}.Debug|x86.Build.0 = Debug|Win32
		{F29D55EC-E06D-4175-89B0-8233F2A7812C}.Release|x64.ActiveCfg = Release|x64
		{F29D55EC-E06D-4175-89B0-8233F2A7812C}.Release|x64.Build.0 = Release|x64
		{F29D55EC-E06D-4175-89B0-8233F2A7812C}.Release|x86.ActiveCfg = Release|Win32
		{F29D55EC-E06D-4175-89B0-8233F2A7812C}.Release|x86.Build.0 = Release|Win32
		{0BEAAA35-EAAA-4977-89AB-082E7F80EF5B}.Debug|x64.ActiveCfg = Debug|x64
		{0BEAAA35-EAAA-4977-89AB-082E7F80EF5B}.Debug|x64.Build.0 = Debug|x64
		{0BEAAA35-EAAA-4977-89AB-082E7F80EF5B}.Debug|x86.ActiveCfg = Debug|Win32
		{0BEAAA35-EAAA-4977-89AB-082E7F80EF5B}.Debug|x86.Build.0 = Debug|Win32
		{0BEAAA35-EAAA-4977-89AB-082E7F80EF5B}.Release|x64.ActiveCfg = Release|x64
		{0BEAAA35-EAAA-4977-89AB-082E7F80EF5B}.Release|x64.Build.0 = Release|x64
		{0BEAAA35-EAAA-4977-89AB-082E7F80EF5B}.Release|x86.ActiveCfg = Release|Win32
		{0BEAAA35-EAAA-4977-89AB-082E7F80EF5B}.Release|x86.Build.0 = Release|Win32
		{7225DCEB-6954-486E-879B-274257ECC57C}.Debug|x64.ActiveCfg = Debug|x64
		{7225DCEB-6954-486E-879B-274257ECC57C}.Debug|x64.Build.0 = Debug|x64
		{7225DCEB-6954-486E-879B-274257ECC57C}.Debug|x86.ActiveCfg = Debug|Win32
		{7225DCEB-6954-486E-879B-274257ECC57C}.Debug|x86.Build.0 = Debug|Win32
		{7225DCEB-6954-486E-879B-274257ECC57C}.Release|x64.ActiveCfg = Release|x64
		{7225DCEB-6954-486E-879B-274257ECC57C}.Release|x64.Build.0 = Release|x64
		{7225DCEB-6954-486E-879B-274257ECC57C}.Release|x86.ActiveCfg = Release|Win32
		{7225DCEB-6954-486E-879B-274257ECC57C}.Release|x86.Build.0 = Release|Win32
		{A08DCD82-32EA-4D98-94E7-E969E54FB413}.Debug|x64.ActiveCfg = Debug|x64
		{A08DCD82-32EA-4D98-94E7-E969E54FB413}.Debug|x64.Build.0 = Debug|x64
		{A08DCD82-32EA-4D98-94E7-E969E54FB413}.Debug|x86.ActiveCfg = Debug|Win32
		{A08DCD82-32EA-4D98-94E7-E969E54FB413}.Debug|x86.Build.0 = Debug|Win32
		{A08DCD82-32EA-4D98-94E7-E969E54FB413}.Release|x64.ActiveCfg = Release|x64
		{A08DCD82-32EA-4D98-94E7-E969E54FB413}.Release|x64.Build.0 = Release|x64
		{A08DCD82-32EA-4D98-94E7-E969E54FB413}.Release|x86.ActiveCfg = Release|Win32
		{A08DCD82-32EA-4D98-94E7-E969E54FB413}.Release|x86.Build.0 = Release|Win32
		{1BCB952F-A398-4DDB-8845-320846F05BCD}.Debug|x64.ActiveCfg = Debug|x64
		{1BCB952F-A398-4DDB-8845-320846F05BCD}.Debug|x64.Build.0 = Debug|x64
		{1BCB952F-A398-4DDB-8845-320846F05BCD}.Debug|x86.ActiveCfg = Debug|Win32
		{1BCB952F-A398-4DDB-8845-320846F05BCD}.Debug|x86.Build.0 = Debug|Win32
		{1BCB952F-A398-4DDB-8845-320846F05BCD}.Release|x64.ActiveCfg = Release|x64
		{1BCB952F-A398-4DDB-8845-320846F05BCD}.Release|x64.Build.0 = Release|x64
		{1BCB952F-A398-4DDB-8845-320846F05BCD}.Release|x86.ActiveCfg = Release|Win32
		{1BCB952F-A398-4DDB-8845-320846F05BCD}.Release|x86.Build.0 = Release|Win32
		{DFAE595B-FFB9-4B29-A15E-5458E7D88B73}.Debug|x64.ActiveCfg = Debug|x64
		{DFAE595B-FFB9-4B29-A15E-5458E7D88B73}.Debug|x64.Build.0 = Debug|x64
		{DFAE595B-FFB9-4B29-A15E-5458E7D88B73}.Debug|x86.ActiveCfg = Debug|Win32
		{DFAE595B-FFB9-4B29-A15E-5458E7D88B73}.Debug|x86.Build.0 = Debug|Win32
		{DFAE595B-FFB9-4B29-A15E-5458E7D88B73}.Release|x64.ActiveCfg = Release|x64
		{DFAE595B-FFB9-4B29-A15E-5458E7D88B73}.Release|x64.Build.0 = Release|x64
		{DFAE595B-FFB9-4B29-A15E-5458E7D88B73}.Release|x86.ActiveCfg = Release|Win32
		{DFAE595B-FFB9-4B29-A15E-5458E7D88B73}.Release|x86.Build.0 = Release|Win32
		{9E2B66EC-1E30-4C54-A84F-A1753FEC387F}.Debug|x64.ActiveCfg = Debug|x64
		{9E2B66EC-1E30-4C54-A84F-A1753FEC387F}.Debug|x64.Build.0 = Debug|x64
		{9E2B66EC-1E30-4C54-A84F-A1753FEC387F}.Debug|x86.ActiveCfg = Debug|Win32
		{9E2B66EC-1E30-4C54-A84F-A1753FEC387F}.Debug|x86.Build.0 = Debug|Win32
		{9E2B66EC-1E30-4C54-A84F-A1753FEC387F}.Release|x64.ActiveCfg = Release|x64
		{9E2B66EC-1E30-4C54-A84F-A1753FEC387F}.Release|x64.Build.0 = Release|x64
		{9E2B66EC-1E30-4C54-A84F-A1753FEC387F}.Release|x86.ActiveCfg = Release|Win32
		{9E2B66EC-1E30-4C54-A84F-A1753FEC387F}.Release|x86.Build.0 = Release|Win32
		{93A1F48D-589A-42D1-ACEC-C9214C1ACAFD}.Debug|x64.ActiveCfg = Debug|x64
		{93A1F48D-589A-42D1-ACEC-C9214C1ACAFD}.Debug|x64.Build.0 = Debug|x64
		{93A1F48D-589A-42D1-ACEC-C9214C1ACAFD}.Debug|x86.ActiveCfg = Debug|Win32
		{93A1F48D-589A-42D1-ACEC-C9214C1ACAFD}.Debug|x86.Build.0 = Debug|Win32
		{93A1F48D-589A-42D1-ACEC-C9214C1ACAFD}.Release|x64.ActiveCfg = Release|x64
		{93A1F48D-589A-42D1-ACEC-C9214C1ACAFD}.Release|x64.Build.0 = Release|x64
		{93A1F48D-589A-42D1-ACEC-C9214C1ACAFD}.Release|x86.ActiveCfg = Release|Win32
		{93A1F48D-589A-42D1-ACEC-C9214C1ACAFD}.Release|x86.Build.0 = Release|Win32
		{A07C8CC2-5D9C-4154-9783-90B2E79D49E5}.Debug|x64.ActiveCfg = Debug|x64
		{A07C8CC2-5D9C-4154-9783-90B2E79D49E5}.Debug|x64.Build.0 = Debug|x64
		{A07C8CC2-5D9C-4154-9783-90B2E79D49E5}.Debug|x86.ActiveCfg = Debug|Win32
		{A07C8CC2-5D9C-4154-9783-90B2E79D49E5}.Debug|x86.Build.0 = Debug|Win32
		{A07C8CC2-5D9C-4154-9783-90B2E79D49E5}.Release|x64.ActiveCfg = Release|x64
		{A07C8CC2-5D9C-4154-9783-90B2E79D49E5}.Release|x64.Build.0 = Release|x64
		{A07C8CC2-5D9C-4154-9783-90B2E79D49E5}.Release|x86.ActiveCfg = Release|Win32
		{A07C8CC2-5D9C-4154-9783-90B2E79D49E5}.Release|x86.Build.0 = Release|Win32
		{22E62A54-B425-47ED-A79F-D1CD8C90EAB2}.Debug|x64.ActiveCfg = Debug|x64
		{22E62A54-B425-47ED-A79F-D1CD8C90EAB2}.Debug|x64.Build.0 = Debug|x64
		{22E62A54-B425-47ED-A79F-D1CD8C90EAB2}.Debug|x86.ActiveCfg = Debug|Win32
		{22E62A54-B425-47ED-A79F-D1CD8C90EAB2}.Debug|x86.Build.0 = Debug|Win32
		{22E62A54-B425-47ED-A79F-D1CD8C90EAB2}.Release|x64.ActiveCfg = Release|x64
		{22E62A54-B425-47ED-A79F-D1CD8C90EAB2}.Release|x64.Build.0 = Release|x64
		{22E62A54-B425-47ED-A79F-D1CD8C90EAB2}.Release|x86.ActiveCfg = Release|Win32
		{22E62A54-B425-47ED-A79F-D1CD8C90EAB2}.Release|x86.Build.0 = Release|Win32
		{66592A06-0B8B-4EF6-B3D0-6606BE2A9FD3}.Debug|x64.ActiveCfg = Debug|x64
		{66592A06-0B8B-4EF6-B3D0-6606BE2A9FD3}.Debug|x64.Build.0 = Debug|x64
		{66592A06-0B8B-4EF6-B3D0-6606BE2A9FD3}.Debug|x86.ActiveCfg = Debug|Win32
		{66592A06-0B8B-4EF6-B3D0-6606BE2A9FD3}.Debug|x86.Build.0 = Debug|Win32
		{66592A06-0B8B-4EF6-B3D0-6606BE2A9FD3}.Release|x64.ActiveCfg = Release|x64
		{66592A06-0B8B-4EF6-B3D0-6606BE2A9FD3}.Release|x64.Build.0 = Release|x64
		{66592A06-0B8B-4EF6-B3D0-6606BE2A9FD3}.Release|x86.ActiveCfg = Release|Win32
		{66592A06-0B8B-4EF6-B3D0-6606BE2A9FD3}.Release|x86.Build.0 = Release|Win32
		{6189C760-2507-4F1A-88FF-527AFDF24370}.Debug|x64.ActiveCfg = Debug|x64
		{6189C760-2507-4F1A-88FF-527AFDF24370}.Debug|x64.Build.0 = Debug|x64
		{6189C760-2507-4F1A-88FF-527AFDF24370}.Debug|x86.ActiveCfg = Debug|Win32
		{6189C760-2507-4F1A-88FF-527AFDF24370}.Debug|x86.Build.0 = Debug|Win32
		{6189C760-2507-4F1A-88FF-527AFDF24370}.Release|x64.ActiveCfg = Release|x64
		{6189C760-2507-4F1A-88FF-527AFDF24370}.Release|x64.Build.0 = Release|x64
		{6189C760-2507-4F1A-88FF-527AFDF24370}.Release|x86.ActiveCfg = Release|Win32
		{6189C760-2507-4F1A-88FF-527AFDF24370}.Release|x86.Build.0 = Release|Win32
		{F2E60FE8-9338-4372-9325-51EC2C05FF91}.Debug|x64.ActiveCfg = Debug|x64
		{F2E60FE8-9338-4372-9325-51EC2C05FF91}.Debug|x64.Build.0 = Debug|x64
		{F2E60FE8-9338-4372-9325-51EC2C05FF91}.Debug|x86.ActiveCfg = Debug|Win32
		{F2E60FE8-9338-4372-9325-51EC2C05FF91}.Debug|x86.Build.0 = Debug|Win32
		{F2E60FE8-9338-4372-9325-51EC2C05FF91}.Release|x64.ActiveCfg = Release|x64
		{F2E60FE8-9338-4372-9325-51EC2C05FF91}.Release|x64.Build.0 = Release|x64
		{F2E60FE8-9338-4372-9325-51EC2C05FF91}.Release|x86.ActiveCfg = Release|Win32
		{F2E60FE8-9338-4372-9325-51EC2C05FF91}.Release|x86.Build.0 = Release|Win32
		{B8EE9D04-9320-434E-B494-3A4AE2393D70}.Debug|x64.ActiveCfg = Debug|x64
		{B8EE9D04-9320-434E-B494-3A4AE2393D70}.Debug|x64.Build.0 = Debug|x64
		{B8EE9D04-9320-434E-B494-3A4AE2393D70}.Debug|x86.ActiveCfg = Debug|Win32
		{B8EE9D04-9320-434E-B494-3A4AE2393D70}.Debug|x86.Build.0 = Debug|Win32
		{B8EE9D04-9320-434E-B494-3A4AE2393D70}.Release|x64.ActiveCfg = Release|x64
		{B8EE9D04-9320-434E-B494-3A4AE2393D70}.Release|x64.Build.0 = Release|x64
		{B8EE9D04-9320-434E-B494-3A4AE2393D70}.Release|x86.ActiveCfg = Release|Win32
		{B8EE9D04-9320-434E-B494-3A4AE2393D70}.Release|x86.Build.0 = Release|Win32
		{5B5F33F7-F3F5-4882-A3DD-8C45B12BCC29}.Debug|x64.ActiveCfg = Debug|x64
		{5B5F33F7-F3F5-4882-A3DD-8C45B12BCC29}.Debug|x64.Build.0 = Debug|x64
		{5B5F33F7-F3F5-4882-A3DD-8C45B12BCC29}.Debug|x86.ActiveCfg = Debug|Win32
		{5B5F33F7-F3F5-4882-A3DD-8C45B12BCC29}.Debug|x86.Build.0 = Debug|Win32
		{5B5F33F7-F3F5-4882-A3DD-8C45B12BCC29}.Release|x64.ActiveCfg = Release|x64
		{5B5F33F7-F3F5-4882-A3DD-8C45B12BCC29}.Release|x64.Build.0 = Release|x64
		{5B5F33F7-F3F5-4882-A3DD-8C45B12BCC29}.Release|x86.ActiveCfg = Release|Win32
		{5B5F33F7-F3F5-4882-A3DD-8C45B12BCC29}.Release|x86.Build.0 = Release|Win32
		{36E6AA9C-71EB-4193-8C34-4469AA94C9D4}.Debug|x64.ActiveCfg = Debug|x64
		{36E6AA9C-71EB-4193-8C34-4469AA94C9D4}.Debug|x64.Build.0 = Debug|x64
		{36E6AA9C-71EB-4193-8C34-4469AA94C9D4}.Debug|x86.ActiveCfg = Debug|Win32
		{36E6AA9C-71EB-4193-8C34-4469AA94C9D4}.Debug|x86.Build.0 = Debug|Win32
		{36E6AA9C-71EB-4193-8C34-4469AA94C9D4}.Release|x64.ActiveCfg = Release|x64
		{36E6AA9C-71EB-4193-8C34-4469AA94C9D4}.Release|x64.Build.0 = Release|x64
		{36E6AA9C-71EB-4193-8C34-4469AA94C9D4}.Release|x86.ActiveCfg = Release|Win32
		{36E6AA9C-71EB-4193-8C34-4469AA94C9D4}.Release|x86.Build.0 = Release|Win32
		{73EFAB3B-F026-4FC3-A380-855EA1311FFA}.Debug|x64.ActiveCfg = Debug|x64
		{73EFAB3B-F026-4FC3-A380-855EA1311FFA}.Debug|x64.Build.0 = Debug|x64
		{73EFAB3B-F026-4FC3-A380-855EA1311FFA}.Debug|x86.ActiveCfg = Debug|Win32
		{73EFAB3B-F026-4FC3-A380-855EA1311FFA}.Debug|x86.Build.0 = Debug|Win32
		{73EFAB3B-F026-4FC3-A380-855EA1311FFA}.Release|x64.ActiveCfg = Release|x64
		{73EFAB3B-F026-4FC3-A380-855EA1311FFA}.Release|x64.Build.0 = Release|x64
		{73EFAB3B-F026-4FC3-A380-855EA1311FFA}.Release|x86.ActiveCfg = Release|Win32
		{73EFAB3B-F026-4FC3-A380-855EA1311FFA}.Release|x86.Build.0 = Release|Win32
		{03AC6C51-DFE0-4B43-BE98-066D82674688}.Debug|x64.ActiveCfg = Debug|x64
		{03AC6C51-DFE0-4B43-BE98-066D82674688}.Debug|x64.Build.0 = Debug|x64
		{03AC6C51-DFE0-4B43-BE98-066D82674688}.Debug|x86.ActiveCfg = Debug|Win32
		{03AC6C51-DFE0-4B43-BE98-066D82674688}.Debug|x86.Build.0 = Debug|Win32
		{03AC6C51-DFE0-4B43-BE98-066D82674688}.Release|x64.ActiveCfg = Release|x64
		{03AC6C51-DFE0-4B43-BE98-066D82674688}.Release|x64.Build.0 = Release|x64
		{03AC6C51-DFE0-4B43-BE98-066D82674688}.Release|x86.ActiveCfg = Release|Win32
		{03AC6C51-DFE0-4B43-BE98-066D82674688}.Release|x86.Build.0 = Release|Win32
		{B391E96A-F043-49D6-8208-791C81BFCED3}.Debug|x64.ActiveCfg = Debug|x64
		{B391E96A-F043-49D6-8208-791C81BFCED3}.Debug|x64.Build.0 = Debug|x64
		{B391E96A-F043-49D6-8208-791C81BFCED3}.Debug|x86.ActiveCfg = Debug|Win32
		{B391E96A-F043-49D6-8208-791C81BFCED3}.Debug|x86.Build.0 = Debug|Win32
		{B391E96A-F043-49D6-8208-791C81BFCED3}.Release|x64.ActiveCfg = Release|x64
		{B391E96A-F043-49D6-8208-791C81BFCED3}.Release|x64.Build.0 = Release|x64
		{B391E96A-F043-49D6-8208-791C81BFCED3}.Release|x86.ActiveCfg = Release|Win32
		{B391E96A-F043-49D6-8208-791C81BFCED3}.Release|x86.Build.0 = Release|Win32
		{7FEFC9EB-2C78-4279-831A-6DB67C8F7D2D}.Debug|x64.ActiveCfg = Debug|x64
		{7FEFC9EB-2C78-4279-831A-6DB67C8F7D2D}.Debug|x64.Build.0 = Debug|x64
		{7FEFC9EB-2C78-4279-831A-6DB67C8F7D2D}.Debug|x86.ActiveCfg = Debug|Win32
		{7FEFC9EB-2C78-4279-831A-6DB67C8F7D2D}.Debug|x86.Build.0 = Debug|Win32
		{7FEFC9EB-2C78-4279-831A-6DB67C8F7D2D}.Release|x64.ActiveCfg = Release|x64
		{7FEFC9EB-2C78-4279-831A-6DB67C8F7D2D}.Release|x64.Build.0 = Release|x64
		{7FEFC9EB-2C78-4279-831A-6DB67C8F7D2D}.Release|x86.ActiveCfg = Release|Win32
		{7FEFC9EB-2C78-4279-831A-6DB67C8F7D2D}.Release|x86.Build.0 = Release|Win32
		{67CB8668-197F-4058-9596-76F2D5394FC1}.Debug|x64.ActiveCfg = Debug|x64
		{67CB8668-197F-4058-9596-76F2D5394FC1}.Debug|x64.Build.0 = Debug|x64
		{67CB8668-197F-4058-9596-76F2D5394FC1}.Debug|x86.ActiveCfg = Debug|Win32
		{67CB8668-197F-4058-9596-76F2D5394FC1}.Debug|x86.Build.0 = Debug|Win32
		{67CB8668-197F-4058-9596-76F2D5394FC1}.Release|x64.ActiveCfg = Release|x64
		{67CB8668-197F-4058-9596-76F2D5394FC1}.Release|x64.Build.0 = Release|x64
		{67CB8668-197F-4058-9596-76F2D5394FC1}.Release|x86.ActiveCfg = Release|Win32
		{67CB8668-197F-4058-9596-76F2D5394FC1}.Release|x86.Build.0 = Release|Win32
		{B2634D09-217B-41D3-B4EF-336BB58DC260}.Debug|x64.ActiveCfg = Debug|x64
		{B2634D09-217B-41D3-B4EF-336BB58DC260}.Debug|x64.Build.0 = Debug|x64
		{B2634D09-217B-41D3-B4EF-336BB58DC260}.Debug|x86.ActiveCfg = Debug|Win32
		{B2634D09-217B-41D3-B4EF-336BB58DC260}.Debug|x86.Build.0 = Debug|Win32
		{B2634D09-217B-41D3-B4EF-336BB58DC260}.Release|x64.ActiveCfg = Release|x64
		{B2634D09-217B-41D3-B4EF-336BB58DC260}.Release|x64.Build.0 = Release|x64
		{B2634D09-217B-41D3-B4EF-336BB58DC260}.Release|x86.ActiveCfg = Release|Win32
		{B2634D09-217B-41D3-B4EF-336BB58DC260}.Release|x86.Build.0 = Release|Win32
		{C3EF224B-BED5-4CBA-AC77-E6C5B314F39B}.Debug|x64.ActiveCfg = Debug|x64
		{C3EF224B-BED5-4CBA-AC77-E6C5B314F39B}.Debug|x64.Build.0 = Debug|x64
		{C3EF224B-BED5-4CBA-AC77-E6C5B314F39B}.Debug|x86.ActiveCfg = Debug|Win32
		{C3EF224B-BED5-4CBA-AC77-E6C5B314F39B}.Debug|x86.Build.0 = Debug|Win32
		{C3EF224B-BED5-4CBA-AC77-E6C5B314F39B}.Release|x64.ActiveCfg = Release|x64
		{C3EF224B-BED5-4CBA-AC77-E6C5B314F39B}.Release|x64.Build.0 = Release|x64
		{C3EF224B-BED5-4CBA-AC77-E6C5B314F39B}.Release|x86.ActiveCfg = Release|Win32
		{C3EF224B-BED5-4CBA-AC77-E6C5B314F39B}.Release|x86.Build.0 = Release|Win32
		{0D1B53D9-D4A9-41EF-999B-53B2A772BC6B}.Debug|x64.ActiveCfg = Debug|x64
		{0D1B53D9-D4A9-41EF-999B-53B2A772BC6B}.Debug|x64.Build.0 = Debug|x64
		{0D1B53D9-D4A9-41EF-999B-53B2A772BC6B}.Debug|x86.ActiveCfg = Debug|Win32
		{0D1B53D9-D4A9-41EF-999B-53B2A772BC6B}.Debug|x86.Build.0 = Debug|Win32
		{0D1B53D9-D4A9-41EF-999B-53B2A772BC6B}.Release|x64.ActiveCfg = Release|x64
		{0D1B53D9-D4A9-41EF-999B-53B2A772BC6B}.Release|x64.Build.0 = Release|x64
		{0D1B53D9-D4A9-41EF-999B-53B2A772BC6B}.Release|x86.ActiveCfg = Release|Win32
		{0D1B53D9-D4A9-41EF-999B-53B2A772BC6B}.Release|x86.Build.0 = Release|Win32
		{A83D1600-1B60-49F2-A8B7-619D1C48E950}.Debug|x64.ActiveCfg = Debug|x64
		{A83D1600-1B60-49F2-A8B7-619D1C48E950}.Debug|x64.Build.0 = Debug|x64
		{A83D1600-1B60-49F2-A8B7-619D1C48E950}.Debug|x86.ActiveCfg = Debug|Win32
		{A83D1600-1B60-49F2-A8B7-619D1C48E950}.Debug|x86.Build.0 = Debug|Win32
		{A83D1600-1B60-49F2-A8B7-619D1C48E950}.Release|x64.ActiveCfg = Release|x64
		{A83D1600-1B60-49F2-A8B7-619D1C48E950}.Release|x64.Build.0 = Release|x64
		{A83D1600-1B60-49F2-A8B7-619D1C48E950}.Release|x86.ActiveCfg = Release|Win32
		{A83D1600-1B60-49F2-A8B7-619D1C48E950}.Release|x86.Build.0 = Release|Win32
		{77C2145F-04E0-4782-9B88-48E3B2F8761A}.Debug|x64.ActiveCfg = Debug|x64
		{77C2145F-04E0-4782-9B88-48E3B2F8761A}.Debug|x64.Build.0 = Debug|x64
		{77C2145F-04E0-4782-9B88-48E3B2F8761A}.Debug|x86.ActiveCfg = Debug|Win32
		{77C2145F-04E0-4782-9B88-48E3B2F8761A}.Debug|x86.Build.0 = Debug|Win32
		{77C2145F-04E0-4782-9B88-48E3B2F8761A}.Release|x64.ActiveCfg = Release|x64
		{77C2145F-04E0-4782-9B88-48E3B2F8761A}.Release|x64.Build.0 = Release|x64
		{77C2145F-04E0-4782-9B88-48E3B2F8761A}.Release|x86.ActiveCfg = Release|Win32
		{77C2145F-04E0-4782-9B88-48E3B2F8761A}.Release|x86.Build.0 = Release|Win32
		{E9EC27C0-374B-4781-8A18-40E872678091}.Debug|x64.ActiveCfg = Debug|x64
		{E9EC27C0-374B-4781-8A18-40E872678091}.Debug|x64.Build.0 = Debug|x64
		{E9EC27C0-374B-4781-8A18-40E872678091}.Debug|x86.ActiveCfg = Debug|Win32
		{E9EC27C0-374B-4781-8A18-40E872678091}.Debug|x86.Build.0 = Debug|Win32
		{E9EC27C0-374B-4781-8A18-40E872678091}.Release|x64.ActiveCfg = Release|x64
		{E9EC27C0-374B-4781-8A18-40E872678091}.Release|x64.Build.0 = Release|x64
		{E9EC27C0-374B-4781-8A18-40E872678091}.Release|x86.ActiveCfg = Release|Win32
		{E9EC27C0-374B-4781-8A18-40E872678091}.Release|x86.Build.0 = Release|Win32
		{4BA9FB0A-7525-43E3-8E94-A6584C4DDB3B}.Debug|x64.ActiveCfg = Debug|x64
		{4BA9FB0A-7525-43E3-8E94-A6584C4DDB3B}.Debug|x64.Build.0 = Debug|x64
		{4BA9FB0A-7525-43E3-8E94-A6584C4DDB3B}.Debug|x86.ActiveCfg = Debug|Win32
		{4BA9FB0A-7525-43E3-8E94-A6584C4DDB3B}.Debug|x86.Build.0 = Debug|Win32
		{4BA9FB0A-7525-43E3-8E94-A6584C4DDB3B}.Release|x64.ActiveCfg = Release|x64
		{4BA9FB0A-7525-43E3-8E94-A6584C4DDB3B}.Release|x64.Build.0 = Release|x64
		{4BA9FB0A-7525-43E3-8E94-A6584C4DDB3B}.Release|x86.ActiveCfg = Release|Win32
		{4BA9FB0A-7525-43E3-8E94-A6584C4DDB3B}.Release|x86.Build.0 = Release|Win32
		{B56F6055-DC53-4DE9-BB47-ED8C045133E6}.Debug|x64.ActiveCfg = Debug|x64
		{B56F6055-DC53-4DE9-BB47-ED8C045133E6}.Debug|x64.Build.0 = Debug|x64
		{B56F6055-DC53-4DE9-BB47-ED8C045133E6}.Debug|x86.ActiveCfg = Debug|Win32
		{B56F6055-DC53-4DE9-BB47-ED8C045133E6}.Debug|x86.Build.0 = Debug|Win32
		{B56F6055-DC53-4DE9-BB47-ED8C045133E6}.Release|x64.ActiveCfg = Release|x64
		{B56F6055-DC53-4DE9-BB47-ED8C045133E6}.Release|x64.Build.0 = Release|x64
		{B56F6055-DC53-4DE9-BB47-ED8C045133E6}.Release|x86.ActiveCfg = Release|Win32
		{B56F6055-DC53-4DE9-BB47-ED8C045133E6}.Release|x86.Build.0 = Release|Win32
		{0F310FB1-4890-49E3-A9FB-D31C79CE9BFF}.Debug|x64.ActiveCfg = Debug|x64
		{0F310FB1-4890-49E3-A9FB-D31C79CE9BFF}.Debug|x64.Build.0 = Debug|x64
		{0F310FB1-4890-49E3-A9FB-D31C79CE9BFF}.Debug|x86.ActiveCfg = Debug|Win32
		{0F310FB1-4890-49E3-A9FB-D31C79CE9BFF}.Debug|x86.Build.0 = Debug|Win32
		{0F310FB1-4890-49E3-A9FB-D31C79CE9BFF}.Release|x64.ActiveCfg = Release|x64
		{0F310FB1-4890-49E3-A9FB-D31C79CE9BFF}.Release|x64.Build.0 = Release|x64
		{0F310FB1-4890-49E3-A9FB-D31C79CE9BFF}.Release|x86.ActiveCfg = Release|Win32
		{0F310FB1-4890-49E3-A9FB-D31C79CE9BFF}.Release|x86.Build.0 = Release|Win32
		{68C87337-932E-4A9C-9CF8-6D38ED0814C1}.Debug|x64.ActiveCfg = Debug|x64
		{68C87337-932E-4A9C-9CF8-6D38ED0814C1}.Debug|x64.Build.0 = Debug|x64
		{68C87337-932E-4A9C-9CF8-6D38ED0814C1}.Debug|x86.ActiveCfg = Debug|Win32
		{68C87337-932E-4A9C-9CF8-6D38ED0814C1}.Debug|x86.Build.0 = Debug|Win32
		{68C87337-932E-4A9C-9CF8-6D38ED0814C1}.Release|x64.ActiveCfg = Release|x64
		{68C87337-932E-4A9C-9CF8-6D38ED0814C1}.Release|x64.Build.0 = Release|x64
		{68C87337-932E-4A9C-9CF8-6D38ED0814C1}.Release|x86.ActiveCfg = Release|Win32
		{68C87337-932E-4A9C-9CF8-6D38ED0814C1}.Release|x86.Build.0 = Release|Win32
		{77630BF7-E848-4F07-B6E4-919C2F62BA0A}.Debug|x64.ActiveCfg = Debug|x64
		{77630BF7-E848-4F07-B6E4-919C2F62BA0A}.Debug|x64.Build.0 = Debug|x64
		{77630BF7-E848-4F07-B6E4-919C2F62BA0A}.Debug|x86.ActiveCfg = Debug|Win32
		{77630BF7-E848-4F07-B6E4-919C2F62BA0A}.Debug|x86.Build.0 = Debug|Win32
		{77630BF7-E848-4F07-B6E4-919C2F62BA0A}.Release|x64.ActiveCfg = Release|x64
		{77630BF7-E848-4F07-B6E4-919C2F62BA0A}.Release|x64.Build.0 = Release|x64
		{77630BF7-E848-4F07-B6E4-919C2F62BA0A}.Release|x86.ActiveCfg = Release|Win32
		{77630BF7-E848-4F07-B6E4-919C2F62BA0A}.Release|x86.Build.0 = Release|Win32
		{67CF4855-E3A5-4813-A1B1-2AD55704B747}.Debug|x64.ActiveCfg = Debug|x64
		{67CF4855-E3A5-4813-A1B1-2AD55704B747}.Debug|x64.Build.0 = Debug|x64
		{67CF4855-E3A5-4813-A1B1-2AD55704B747}.Debug|x86.ActiveCfg = Debug|Win32
		{67CF4855-E3A5-4813-A1B1-2AD55704B747}.Debug|x86.Build.0 = Debug|Win32
		{67CF4855-E3A5-4813-A1B1-2AD55704B747}.Release|x64.ActiveCfg = Release|x64
		{67CF4855-E3A5-4813-A1B1-2AD55704B747}.Release|x64.Build.0 = Release|x64
		{67CF4855-E3A5-4813-A1B1-2AD55704B747}.Release|x86.ActiveCfg = Release|Win32
		{67CF4855-E3A5-4813-A1B1-2AD55704B747}.Release|x86.Build.0 = Release|Win32
		{30073A9D-2A35-4C00-979C-B751762E2091}.Debug|x64.ActiveCfg = Debug|x64
		{30073A9D-2A35-4C00-979C-B751762E2091}.Debug|x64.Build.0 = Debug|x64
		{30073A9D-2A35-4C00-979C-B751762E2091}.Debug|x86.ActiveCfg = Debug|Win32
		{30073A9D-2A35-4C00-979C-B751762E2091}.Debug|x86.Build.0 = Debug|Win32
		{30073A9D-2A35-4C00-979C-B751762E2091}.Release|x64.ActiveCfg = Release|x64
		{30073A9D-2A35-4C00-979C-B751762E2091}.Release|x64.Build.0 = Release|x64
		{30073A9D-2A35-4C00-979C-B751762E2091}.Release|x86.ActiveCfg = Release|Win32
		{30073A9D-2A35-4C00-979C-B751762E2091}.Release|x86.Build.0 = Release|Win32
		{C54633A9-C50D-4687-9521-7084A7FD220A}.Debug|x64.ActiveCfg = Debug|x64
		{C54633A9-C50D-4687-9521-7084A7FD220A}.Debug|x64.Build.0 = Debug|x64
		{C54633A9-C50D-4687-9521-7084A7FD220A}.Debug|x86.ActiveCfg = Debug|Win32
		{C54633A9-C50D-4687-9521-7084A7FD220A}.Debug|x86.Build.0 = Debug|Win32
		{C54633A9-C50D-4687-9521-7084A7FD220A}.Release|x64.ActiveCfg = Release|x64
		{C54633A9-C50D-4687-9521-7084A7FD220A}.Release|x64.Build.0 = Release|x64
		{C54633A9-C50D-4687-9521-7084A7FD220A}.Release|x86.ActiveCfg = Release|Win32
		{C54633A9-C50D-4687-9521-7084A7FD220A}.Release|x86.Build.0 = Release|Win32
		{BB284FAC-97F3-48D9-AF48-1237D86F6419}.Debug|x64.ActiveCfg = Debug|x64
		{BB284FAC-97F3-48D9-AF48-1237D86F6419}.Debug|x64.Build.0 = Debug|x64
		{BB284FAC-97F3-48D9-AF48-1237D86F6419}.Debug|x86.ActiveCfg = Debug|Win32
		{BB284FAC-97F3-48D9-AF48-1237D86F6419}.Debug|x86.Build.0 = Debug|Win32
		{BB284FAC-97F3-48D9-AF48-1237D86F6419}.Release|x64.ActiveCfg = Release|x64
		{BB284FAC-97F3-48D9-AF48-1237D86F6419}.Release|x64.Build.0 = Release|x64
		{BB284FAC-97F3-48D9-AF48-1237D86F6419}.Release|x86.ActiveCfg = Release|Win32
		{BB284FAC-97F3-48D9-AF48-1237D86F6419}.Release|x86.Build.0 = Release|Win32
		{33F41996-25F6-4F38-907D-1D3E27DC08BF}.Debug|x64.ActiveCfg = Debug|x64
		{33F41996-25F6-4F38-907D-1D3E27DC08BF}.Debug|x64.Build.0 = Debug|x64
		{33F41996-25F6-4F38-907D-1D3E27DC08BF}.Debug|x86.ActiveCfg = Debug|Win32
		{33F41996-25F6-4F38-907D-1D3E27DC08BF}.Debug|x86.Build.0 = Debug|Win32
		{33F41996-25F6-4F38-907D-1D3E27DC08BF}.Release|x64.ActiveCfg = Release|x64
		{33F41996-25F6-4F38-907D-1D3E27DC08BF}.Release|x64.Build.0 = Release|x64
		{33F41996-25F6-4F38-907D-1D3E27DC08BF}.Release|x86.ActiveCfg = Release|Win32
		{33F41996-25F6-4F38-907D-1D3E27DC08BF}.Release|x86.Build.0 = Release|Win32
		{073B444F-6B38-4768-8D0A-A9AC3335F32C}.Debug|x64.ActiveCfg = Debug|x64
		{073B444F-6B38-4768-8D0A-A9AC3335F32C}.Debug|x64.Build.0 = Debug|x64
		{073B444F-6B38-4768-8D0A-A9AC3335F32C}.Debug|x86.ActiveCfg = Debug|Win32
		{073B444F-6B38-4768-8D0A-A9AC3335F32C}.Debug|x86.Build.0 = Debug|Win32
		{073B444F-6B38-4768-8D0A-A9AC3335F32C}.Release|x64.ActiveCfg = Release|x64
		{073B444F-6B38-4768-8D0A-A9AC3335F32C}.Release|x64.Build.0 = Release|x64
		{073B444F-6B38-4768-8D0A-A9AC3335F32C}.Release|x86.ActiveCfg = Release|Win32
		{073B444F-6B38-4768-8D0A-A9AC3335F32C}.Release|x86.Build.0 = Release|Win32
		{E1DDFDEC-B959-4D50-B466-19DD3BD05C33}.Debug|x64.ActiveCfg = Debug|x64
		{E1DDFDEC-B959-4D50-B466-19DD3BD05C33}.Debug|x64.Build.0 = Debug|x64
		{E1DDFDEC-B959-4D50-B466-19DD3BD05C33}.Debug|x86.ActiveCfg = Debug|Win32
		{E1DDFDEC-B959-4D50-B466-19DD3BD05C33}.Debug|x86.Build.0 = Debug|Win32
		{E1DDFDEC-B959-4D50-B466-19DD3BD05C33}.Release|x64.ActiveCfg = Release|x64
		{E1DDFDEC-B959-4D50-B466-19DD3BD05C33}.Release|x64.Build.0 = Release|x64
		{E1DDFDEC-B959-4D50-B466-19DD3BD05C33}.Release|x86.ActiveCfg = Release|Win32
		{E1DDFDEC-B959-4D50-B466-19DD3BD05C33}.Release|x86.Build.0 = Release|Win32
		{E0F4755C-77C6-4EB1-84D0-0C0A54F8DD13}.Debug|x64.ActiveCfg = Debug|x64
		{E0F4755C-77C6-4EB1-84D0-0C0A54F8DD13}.Debug|x64.Build.0 = Debug|x64
		{E0F4755C-77C6-4EB1-84D0-0C0A54F8DD13}.Debug|x86.ActiveCfg = Debug|Win32
		{E0F4755C-77C6-4EB1-84D0-0C0A54F8DD13}.Debug|x86.Build.0 = Debug|Win32
		{E0F4755C-77C6-4EB1-84D0-0C0A54F8DD13}.Release|x64.ActiveCfg = Release|x64
		{E0F4755C-77C6-4EB1-84D0-0C0A54F8DD13}.Release|x64.Build.0 = Release|x64
		{E0F4755C-77C6-4EB1-84D0-0C0A54F8DD13}.Release|x86.ActiveCfg = Release|Win32
		{E0F4755C-77C6-4EB1-84D0-0C0A54F8DD13}.Release|x86.Build.0 = Release|Win32
		{990226CF-8DCD-41D5-A29B-7669BB3CD267}.Debug|x64.ActiveCfg = Debug|x64
		{990226CF-8DCD-41D5-A29B-7669BB3CD267}.Debug|x64.Build.0 = Debug|x64
		{990226CF-8DCD-41D5-A29B-7669BB3CD267}.Debug|x86.ActiveCfg = Debug|Win32
		{990226CF-8DCD-41D5-A29B-7669BB3CD267}.Debug|x86.Build.0 = Debug|Win32
		{990226CF-8DCD-41D5-A29B-7669BB3CD267}.Release|x64.ActiveCfg = Release|x64
		{990226CF-8DCD-41D5-A29B-7669BB3CD267}.Release|x64.Build.0 = Release|x64
		{990226CF-8DCD-41D5-A29B-7669BB3CD267}.Release|x86.ActiveCfg = Release|Win32
		{990226CF-8DCD-41D5-A29B-7669BB3CD267}.Release|x86.Build.0 = Release|Win32
		{43693B4E-FCF3-44D3-8A71-7FA08FCF8DBB}.Debug|x64.ActiveCfg = Debug|x64
		{43693B4E-FCF3-44D3-8A71-7FA08FCF8DBB}.Debug|x64.Build.0 = Debug|x64
		{43693B4E-FCF3-44D3-8A71-7FA08FCF8DBB}.Debug|x86.ActiveCfg = Debug|Win32
		{43693B4E-FCF3-44D3-8A71-7FA08FCF8DBB}.Debug|x86.Build.0 = Debug|Win32
		{43693B4E-FCF3-44D3-8A71-7FA08FCF8DBB}.Release|x64.ActiveCfg = Release|x64
		{43693B4E-FCF3-44D3-8A71-7FA08FCF8DBB}.Release|x64.Build.0 = Release|x64
		{43693B4E-FCF3-44D3-8A71-7FA08FCF8DBB}.Release|x86.ActiveCfg = Release|Win32
		{43693B4E-FCF3-44D3-8A71-7FA08FCF8DBB}.Release|x86.Build.0 = Release|Win32
	EndGlobalSection
	GlobalSection(SolutionProperties) = preSolution
		HideSolutionNode = FALSE
	EndGlobalSection
	GlobalSection(ExtensibilityGlobals) = postSolution
		SolutionGuid = {A14BD3D1-CEA9-4E26-AAD2-B78D67D1F076}
	EndGlobalSection
EndGlobal
